{
  "name": "dart-decimate",
  "version": "0.0.6",
  "lockfileVersion": 3,
  "requires": true,
  "packages": {
    "": {
      "name": "dart-decimate",
      "version": "0.0.6",
      "hasInstallScript": true,
      "license": "MIT",
      "bin": {
        "dart-decimate": "npm/bin/dart-decimate.js",
        "dart-decimate-mcp": "npm/bin/dart-decimate-mcp.js"
      },
      "engines": {
        "node": ">=18"
      }
    }
  }
}
